// !$*UTF8*$!
{
	archiveVersion = 1;
	classes = {
	};
	objectVersion = 56;
	objects = {

/* Begin PBXBuildFile section */
		6F0DBCF72B4D9E0300013F72 /* AppDelegate.swift in Sources */ = {isa = PBXBuildFile; fileRef = 6F0DBCF62B4D9E0300013F72 /* AppDelegate.swift */; };
		6F0DBCF92B4D9E0300013F72 /* SceneDelegate.swift in Sources */ = {isa = PBXBuildFile; fileRef = 6F0DBCF82B4D9E0300013F72 /* SceneDelegate.swift */; };
		6F0DBCFB2B4D9E0300013F72 /* ImagesListViewController.swift in Sources */ = {isa = PBXBuildFile; fileRef = 6F0DBCFA2B4D9E0300013F72 /* ImagesListViewController.swift */; };
		6F0DBCFE2B4D9E0300013F72 /* Main.storyboard in Resources */ = {isa = PBXBuildFile; fileRef = 6F0DBCFC2B4D9E0300013F72 /* Main.storyboard */; };
		6F0DBD002B4D9E0400013F72 /* Assets.xcassets in Resources */ = {isa = PBXBuildFile; fileRef = 6F0DBCFF2B4D9E0400013F72 /* Assets.xcassets */; };
		6F0DBD032B4D9E0400013F72 /* LaunchScreen.storyboard in Resources */ = {isa = PBXBuildFile; fileRef = 6F0DBD012B4D9E0400013F72 /* LaunchScreen.storyboard */; };
		6F0DBD0C2B50730600013F72 /* ImagesListCell.swift in Sources */ = {isa = PBXBuildFile; fileRef = 6F0DBD0B2B50730600013F72 /* ImagesListCell.swift */; };
		6F265F5F2CDD4A6500D65996 /* ProgressHUD in Frameworks */ = {isa = PBXBuildFile; productRef = 6F265F5E2CDD4A6500D65996 /* ProgressHUD */; };
		6F265F6D2CDE0F1E00D65996 /* UIBlockingProgressHUD.swift in Sources */ = {isa = PBXBuildFile; fileRef = 6F265F6C2CDE0F1E00D65996 /* UIBlockingProgressHUD.swift */; };
		6F265F722CDE21A100D65996 /* ProfileService.swift in Sources */ = {isa = PBXBuildFile; fileRef = 6F265F712CDE21A100D65996 /* ProfileService.swift */; };
		6F265F762CDE22A700D65996 /* ProfileResponseDTO.swift in Sources */ = {isa = PBXBuildFile; fileRef = 6F265F752CDE22A700D65996 /* ProfileResponseDTO.swift */; };
		6F265F782CDE240A00D65996 /* ProfileServiceProtocol.swift in Sources */ = {isa = PBXBuildFile; fileRef = 6F265F772CDE240A00D65996 /* ProfileServiceProtocol.swift */; };
		6F265F7A2CDE261D00D65996 /* Profile.swift in Sources */ = {isa = PBXBuildFile; fileRef = 6F265F792CDE261D00D65996 /* Profile.swift */; };
		6F265F7C2CDE2CEA00D65996 /* OAuth2Constants.swift in Sources */ = {isa = PBXBuildFile; fileRef = 6F265F7B2CDE2CEA00D65996 /* OAuth2Constants.swift */; };
		6F265F7E2CDF4D9A00D65996 /* ServiceError.swift in Sources */ = {isa = PBXBuildFile; fileRef = 6F265F7D2CDF4D9A00D65996 /* ServiceError.swift */; };
		6F265F832CDFAE7500D65996 /* ProfileImageServiceProtocol.swift in Sources */ = {isa = PBXBuildFile; fileRef = 6F265F822CDFAE7500D65996 /* ProfileImageServiceProtocol.swift */; };
		6F265F852CDFAE9800D65996 /* ProfileImageService.swift in Sources */ = {isa = PBXBuildFile; fileRef = 6F265F842CDFAE9800D65996 /* ProfileImageService.swift */; };
		6F265F892CDFB83E00D65996 /* ProfileImageDTO.swift in Sources */ = {isa = PBXBuildFile; fileRef = 6F265F882CDFB83E00D65996 /* ProfileImageDTO.swift */; };
		6F265F8B2CDFB8C800D65996 /* UserResponseDTO.swift in Sources */ = {isa = PBXBuildFile; fileRef = 6F265F8A2CDFB8C800D65996 /* UserResponseDTO.swift */; };
		6F265F902CDFBEF500D65996 /* ProfileServiceConstants.swift in Sources */ = {isa = PBXBuildFile; fileRef = 6F265F8F2CDFBEF500D65996 /* ProfileServiceConstants.swift */; };
		6FC545F22CD14EC2008DFB5C /* ProfileViewController.swift in Sources */ = {isa = PBXBuildFile; fileRef = 6FC545F12CD14EC2008DFB5C /* ProfileViewController.swift */; };
		6FC545F72CD2BAF8008DFB5C /* SingleImageViewController.swift in Sources */ = {isa = PBXBuildFile; fileRef = 6FC545F62CD2BAF8008DFB5C /* SingleImageViewController.swift */; };
		6FC546052CD8D794008DFB5C /* AuthViewController.swift in Sources */ = {isa = PBXBuildFile; fileRef = 6FC546042CD8D794008DFB5C /* AuthViewController.swift */; };
		6FC546082CD8F312008DFB5C /* WebViewController.swift in Sources */ = {isa = PBXBuildFile; fileRef = 6FC546072CD8F312008DFB5C /* WebViewController.swift */; };
		6FC5460A2CD8FE01008DFB5C /* WebViewControllerDelegate.swift in Sources */ = {isa = PBXBuildFile; fileRef = 6FC546092CD8FE01008DFB5C /* WebViewControllerDelegate.swift */; };
		6FC5460E2CDA0B06008DFB5C /* OAuth2Service.swift in Sources */ = {isa = PBXBuildFile; fileRef = 6FC5460D2CDA0B06008DFB5C /* OAuth2Service.swift */; };
		6FC546102CDA476C008DFB5C /* NetworkRouting.swift in Sources */ = {isa = PBXBuildFile; fileRef = 6FC5460F2CDA476C008DFB5C /* NetworkRouting.swift */; };
		6FC546142CDA480E008DFB5C /* NetworkClient.swift in Sources */ = {isa = PBXBuildFile; fileRef = 6FC546132CDA480E008DFB5C /* NetworkClient.swift */; };
		6FC546182CDA7412008DFB5C /* NetworkHTTPMethod.swift in Sources */ = {isa = PBXBuildFile; fileRef = 6FC546172CDA7412008DFB5C /* NetworkHTTPMethod.swift */; };
		6FC5461B2CDA856F008DFB5C /* OAuth2TokenResponseDTO.swift in Sources */ = {isa = PBXBuildFile; fileRef = 6FC5461A2CDA856F008DFB5C /* OAuth2TokenResponseDTO.swift */; };
		6FC5461F2CDA869D008DFB5C /* OAuth2ServiceProtocol.swift in Sources */ = {isa = PBXBuildFile; fileRef = 6FC5461E2CDA869D008DFB5C /* OAuth2ServiceProtocol.swift */; };
		6FC546212CDA9169008DFB5C /* OAuth2TokenStorage.swift in Sources */ = {isa = PBXBuildFile; fileRef = 6FC546202CDA9169008DFB5C /* OAuth2TokenStorage.swift */; };
		6FC546232CDA9178008DFB5C /* OAuth2TokenStorageProtocol.swift in Sources */ = {isa = PBXBuildFile; fileRef = 6FC546222CDA9178008DFB5C /* OAuth2TokenStorageProtocol.swift */; };
		6FC5462A2CDBD8FF008DFB5C /* SplashViewController.swift in Sources */ = {isa = PBXBuildFile; fileRef = 6FC546292CDBD8FF008DFB5C /* SplashViewController.swift */; };
		6FC5462D2CDBE364008DFB5C /* AuthViewControllerDelegate.swift in Sources */ = {isa = PBXBuildFile; fileRef = 6FC5462C2CDBE364008DFB5C /* AuthViewControllerDelegate.swift */; };
/* End PBXBuildFile section */

/* Begin PBXFileReference section */
		6F0DBCF32B4D9E0300013F72 /* ImageFeed.app */ = {isa = PBXFileReference; explicitFileType = wrapper.application; includeInIndex = 0; path = ImageFeed.app; sourceTree = BUILT_PRODUCTS_DIR; };
		6F0DBCF62B4D9E0300013F72 /* AppDelegate.swift */ = {isa = PBXFileReference; lastKnownFileType = sourcecode.swift; path = AppDelegate.swift; sourceTree = "<group>"; };
		6F0DBCF82B4D9E0300013F72 /* SceneDelegate.swift */ = {isa = PBXFileReference; lastKnownFileType = sourcecode.swift; path = SceneDelegate.swift; sourceTree = "<group>"; };
		6F0DBCFA2B4D9E0300013F72 /* ImagesListViewController.swift */ = {isa = PBXFileReference; lastKnownFileType = sourcecode.swift; path = ImagesListViewController.swift; sourceTree = "<group>"; };
		6F0DBCFD2B4D9E0300013F72 /* Base */ = {isa = PBXFileReference; lastKnownFileType = file.storyboard; name = Base; path = Base.lproj/Main.storyboard; sourceTree = "<group>"; };
		6F0DBCFF2B4D9E0400013F72 /* Assets.xcassets */ = {isa = PBXFileReference; lastKnownFileType = folder.assetcatalog; path = Assets.xcassets; sourceTree = "<group>"; };
		6F0DBD022B4D9E0400013F72 /* Base */ = {isa = PBXFileReference; lastKnownFileType = file.storyboard; name = Base; path = Base.lproj/LaunchScreen.storyboard; sourceTree = "<group>"; };
		6F0DBD042B4D9E0400013F72 /* Info.plist */ = {isa = PBXFileReference; lastKnownFileType = text.plist.xml; path = Info.plist; sourceTree = "<group>"; };
		6F0DBD0B2B50730600013F72 /* ImagesListCell.swift */ = {isa = PBXFileReference; lastKnownFileType = sourcecode.swift; path = ImagesListCell.swift; sourceTree = "<group>"; };
		6F265F6C2CDE0F1E00D65996 /* UIBlockingProgressHUD.swift */ = {isa = PBXFileReference; lastKnownFileType = sourcecode.swift; path = UIBlockingProgressHUD.swift; sourceTree = "<group>"; };
		6F265F712CDE21A100D65996 /* ProfileService.swift */ = {isa = PBXFileReference; lastKnownFileType = sourcecode.swift; path = ProfileService.swift; sourceTree = "<group>"; };
		6F265F752CDE22A700D65996 /* ProfileResponseDTO.swift */ = {isa = PBXFileReference; lastKnownFileType = sourcecode.swift; path = ProfileResponseDTO.swift; sourceTree = "<group>"; };
		6F265F772CDE240A00D65996 /* ProfileServiceProtocol.swift */ = {isa = PBXFileReference; lastKnownFileType = sourcecode.swift; path = ProfileServiceProtocol.swift; sourceTree = "<group>"; };
		6F265F792CDE261D00D65996 /* Profile.swift */ = {isa = PBXFileReference; lastKnownFileType = sourcecode.swift; path = Profile.swift; sourceTree = "<group>"; };
		6F265F7B2CDE2CEA00D65996 /* OAuth2Constants.swift */ = {isa = PBXFileReference; lastKnownFileType = sourcecode.swift; path = OAuth2Constants.swift; sourceTree = "<group>"; };
		6F265F7D2CDF4D9A00D65996 /* ServiceError.swift */ = {isa = PBXFileReference; lastKnownFileType = sourcecode.swift; path = ServiceError.swift; sourceTree = "<group>"; };
		6F265F822CDFAE7500D65996 /* ProfileImageServiceProtocol.swift */ = {isa = PBXFileReference; lastKnownFileType = sourcecode.swift; path = ProfileImageServiceProtocol.swift; sourceTree = "<group>"; };
		6F265F842CDFAE9800D65996 /* ProfileImageService.swift */ = {isa = PBXFileReference; lastKnownFileType = sourcecode.swift; path = ProfileImageService.swift; sourceTree = "<group>"; };
		6F265F882CDFB83E00D65996 /* ProfileImageDTO.swift */ = {isa = PBXFileReference; lastKnownFileType = sourcecode.swift; path = ProfileImageDTO.swift; sourceTree = "<group>"; };
		6F265F8A2CDFB8C800D65996 /* UserResponseDTO.swift */ = {isa = PBXFileReference; lastKnownFileType = sourcecode.swift; path = UserResponseDTO.swift; sourceTree = "<group>"; };
		6F265F8F2CDFBEF500D65996 /* ProfileServiceConstants.swift */ = {isa = PBXFileReference; lastKnownFileType = sourcecode.swift; path = ProfileServiceConstants.swift; sourceTree = "<group>"; };
		6FC545F12CD14EC2008DFB5C /* ProfileViewController.swift */ = {isa = PBXFileReference; lastKnownFileType = sourcecode.swift; path = ProfileViewController.swift; sourceTree = "<group>"; };
		6FC545F62CD2BAF8008DFB5C /* SingleImageViewController.swift */ = {isa = PBXFileReference; lastKnownFileType = sourcecode.swift; path = SingleImageViewController.swift; sourceTree = "<group>"; };
		6FC546042CD8D794008DFB5C /* AuthViewController.swift */ = {isa = PBXFileReference; lastKnownFileType = sourcecode.swift; path = AuthViewController.swift; sourceTree = "<group>"; };
		6FC546072CD8F312008DFB5C /* WebViewController.swift */ = {isa = PBXFileReference; lastKnownFileType = sourcecode.swift; path = WebViewController.swift; sourceTree = "<group>"; };
		6FC546092CD8FE01008DFB5C /* WebViewControllerDelegate.swift */ = {isa = PBXFileReference; lastKnownFileType = sourcecode.swift; path = WebViewControllerDelegate.swift; sourceTree = "<group>"; };
		6FC5460D2CDA0B06008DFB5C /* OAuth2Service.swift */ = {isa = PBXFileReference; lastKnownFileType = sourcecode.swift; path = OAuth2Service.swift; sourceTree = "<group>"; };
		6FC5460F2CDA476C008DFB5C /* NetworkRouting.swift */ = {isa = PBXFileReference; lastKnownFileType = sourcecode.swift; path = NetworkRouting.swift; sourceTree = "<group>"; };
		6FC546132CDA480E008DFB5C /* NetworkClient.swift */ = {isa = PBXFileReference; lastKnownFileType = sourcecode.swift; path = NetworkClient.swift; sourceTree = "<group>"; };
		6FC546172CDA7412008DFB5C /* NetworkHTTPMethod.swift */ = {isa = PBXFileReference; lastKnownFileType = sourcecode.swift; path = NetworkHTTPMethod.swift; sourceTree = "<group>"; };
		6FC5461A2CDA856F008DFB5C /* OAuth2TokenResponseDTO.swift */ = {isa = PBXFileReference; lastKnownFileType = sourcecode.swift; path = OAuth2TokenResponseDTO.swift; sourceTree = "<group>"; };
		6FC5461E2CDA869D008DFB5C /* OAuth2ServiceProtocol.swift */ = {isa = PBXFileReference; lastKnownFileType = sourcecode.swift; path = OAuth2ServiceProtocol.swift; sourceTree = "<group>"; };
		6FC546202CDA9169008DFB5C /* OAuth2TokenStorage.swift */ = {isa = PBXFileReference; lastKnownFileType = sourcecode.swift; path = OAuth2TokenStorage.swift; sourceTree = "<group>"; };
		6FC546222CDA9178008DFB5C /* OAuth2TokenStorageProtocol.swift */ = {isa = PBXFileReference; lastKnownFileType = sourcecode.swift; path = OAuth2TokenStorageProtocol.swift; sourceTree = "<group>"; };
		6FC546292CDBD8FF008DFB5C /* SplashViewController.swift */ = {isa = PBXFileReference; lastKnownFileType = sourcecode.swift; path = SplashViewController.swift; sourceTree = "<group>"; };
		6FC5462C2CDBE364008DFB5C /* AuthViewControllerDelegate.swift */ = {isa = PBXFileReference; lastKnownFileType = sourcecode.swift; path = AuthViewControllerDelegate.swift; sourceTree = "<group>"; };
/* End PBXFileReference section */

/* Begin PBXFrameworksBuildPhase section */
		6F0DBCF02B4D9E0300013F72 /* Frameworks */ = {
			isa = PBXFrameworksBuildPhase;
			buildActionMask = 2147483647;
			files = (
				6F265F5F2CDD4A6500D65996 /* ProgressHUD in Frameworks */,
			);
			runOnlyForDeploymentPostprocessing = 0;
		};
/* End PBXFrameworksBuildPhase section */

/* Begin PBXGroup section */
		6F0DBCEA2B4D9E0300013F72 = {
			isa = PBXGroup;
			children = (
				6F0DBCF52B4D9E0300013F72 /* ImageFeed */,
				6F0DBCF42B4D9E0300013F72 /* Products */,
			);
			sourceTree = "<group>";
		};
		6F0DBCF42B4D9E0300013F72 /* Products */ = {
			isa = PBXGroup;
			children = (
				6F0DBCF32B4D9E0300013F72 /* ImageFeed.app */,
			);
			name = Products;
			sourceTree = "<group>";
		};
		6F0DBCF52B4D9E0300013F72 /* ImageFeed */ = {
			isa = PBXGroup;
			children = (
				6FC5462B2CDBD90C008DFB5C /* Start Here */,
				6FC546062CD8D79B008DFB5C /* Auth */,
				6FC545F32CD1525D008DFB5C /* Profile */,
				6F0DBD0D2B50736100013F72 /* ImagesList */,
				6FC545F82CD2BB03008DFB5C /* SingleImage */,
				6FC546122CDA478C008DFB5C /* Services */,
				6FC5461D2CDA8588008DFB5C /* Models */,
				6F265F742CDE21F000D65996 /* Helpers */,
				6F0DBCFC2B4D9E0300013F72 /* Main.storyboard */,
				6F0DBD0A2B4DC7E400013F72 /* Resources */,
				6F0DBCF62B4D9E0300013F72 /* AppDelegate.swift */,
				6F0DBCF82B4D9E0300013F72 /* SceneDelegate.swift */,
			);
			path = ImageFeed;
			sourceTree = "<group>";
		};
		6F0DBD0A2B4DC7E400013F72 /* Resources */ = {
			isa = PBXGroup;
			children = (
				6F0DBD012B4D9E0400013F72 /* LaunchScreen.storyboard */,
				6F0DBCFF2B4D9E0400013F72 /* Assets.xcassets */,
				6F0DBD042B4D9E0400013F72 /* Info.plist */,
			);
			path = Resources;
			sourceTree = "<group>";
		};
		6F0DBD0D2B50736100013F72 /* ImagesList */ = {
			isa = PBXGroup;
			children = (
				6F0DBCFA2B4D9E0300013F72 /* ImagesListViewController.swift */,
				6F0DBD0B2B50730600013F72 /* ImagesListCell.swift */,
			);
			path = ImagesList;
			sourceTree = "<group>";
		};
		6F265F732CDE21C200D65996 /* ProfileService */ = {
			isa = PBXGroup;
			children = (
				6F265F772CDE240A00D65996 /* ProfileServiceProtocol.swift */,
				6F265F712CDE21A100D65996 /* ProfileService.swift */,
			);
			path = ProfileService;
			sourceTree = "<group>";
		};
		6F265F742CDE21F000D65996 /* Helpers */ = {
			isa = PBXGroup;
			children = (
				6F265F6C2CDE0F1E00D65996 /* UIBlockingProgressHUD.swift */,
			);
			path = Helpers;
			sourceTree = "<group>";
		};
		6F265F812CDFAA2400D65996 /* ProfileImageService */ = {
			isa = PBXGroup;
			children = (
				6F265F822CDFAE7500D65996 /* ProfileImageServiceProtocol.swift */,
				6F265F842CDFAE9800D65996 /* ProfileImageService.swift */,
			);
			path = ProfileImageService;
			sourceTree = "<group>";
		};
		6F265F8E2CDFBE4200D65996 /* Profile */ = {
			isa = PBXGroup;
			children = (
				6F265F8F2CDFBEF500D65996 /* ProfileServiceConstants.swift */,
				6F265F732CDE21C200D65996 /* ProfileService */,
				6F265F812CDFAA2400D65996 /* ProfileImageService */,
			);
			path = Profile;
			sourceTree = "<group>";
		};
		6FC545F32CD1525D008DFB5C /* Profile */ = {
			isa = PBXGroup;
			children = (
				6FC545F12CD14EC2008DFB5C /* ProfileViewController.swift */,
			);
			path = Profile;
			sourceTree = "<group>";
		};
		6FC545F82CD2BB03008DFB5C /* SingleImage */ = {
			isa = PBXGroup;
			children = (
				6FC545F62CD2BAF8008DFB5C /* SingleImageViewController.swift */,
			);
			path = SingleImage;
			sourceTree = "<group>";
		};
		6FC546062CD8D79B008DFB5C /* Auth */ = {
			isa = PBXGroup;
			children = (
				6FC5462C2CDBE364008DFB5C /* AuthViewControllerDelegate.swift */,
				6FC546042CD8D794008DFB5C /* AuthViewController.swift */,
				6FC546092CD8FE01008DFB5C /* WebViewControllerDelegate.swift */,
				6FC546072CD8F312008DFB5C /* WebViewController.swift */,
			);
			path = Auth;
			sourceTree = "<group>";
		};
		6FC546112CDA477A008DFB5C /* NetworkClient */ = {
			isa = PBXGroup;
			children = (
				6FC5460F2CDA476C008DFB5C /* NetworkRouting.swift */,
				6FC546132CDA480E008DFB5C /* NetworkClient.swift */,
				6FC546172CDA7412008DFB5C /* NetworkHTTPMethod.swift */,
			);
			path = NetworkClient;
			sourceTree = "<group>";
		};
		6FC546122CDA478C008DFB5C /* Services */ = {
			isa = PBXGroup;
			children = (
				6F265F7D2CDF4D9A00D65996 /* ServiceError.swift */,
				6FC546192CDA78D8008DFB5C /* OAuth2 */,
				6F265F8E2CDFBE4200D65996 /* Profile */,
				6FC546112CDA477A008DFB5C /* NetworkClient */,
			);
			path = Services;
			sourceTree = "<group>";
		};
		6FC546192CDA78D8008DFB5C /* OAuth2 */ = {
			isa = PBXGroup;
			children = (
				6FC546282CDBD5D7008DFB5C /* TokenService */,
				6FC546272CDBD5C1008DFB5C /* TokenStorage */,
			);
			path = OAuth2;
			sourceTree = "<group>";
		};
		6FC5461C2CDA857B008DFB5C /* DTO */ = {
			isa = PBXGroup;
			children = (
				6FC5461A2CDA856F008DFB5C /* OAuth2TokenResponseDTO.swift */,
				6F265F752CDE22A700D65996 /* ProfileResponseDTO.swift */,
				6F265F882CDFB83E00D65996 /* ProfileImageDTO.swift */,
				6F265F8A2CDFB8C800D65996 /* UserResponseDTO.swift */,
			);
			path = DTO;
			sourceTree = "<group>";
		};
		6FC5461D2CDA8588008DFB5C /* Models */ = {
			isa = PBXGroup;
			children = (
				6FC5461C2CDA857B008DFB5C /* DTO */,
				6F265F792CDE261D00D65996 /* Profile.swift */,
			);
			path = Models;
			sourceTree = "<group>";
		};
		6FC546272CDBD5C1008DFB5C /* TokenStorage */ = {
			isa = PBXGroup;
			children = (
				6FC546222CDA9178008DFB5C /* OAuth2TokenStorageProtocol.swift */,
				6FC546202CDA9169008DFB5C /* OAuth2TokenStorage.swift */,
			);
			path = TokenStorage;
			sourceTree = "<group>";
		};
		6FC546282CDBD5D7008DFB5C /* TokenService */ = {
			isa = PBXGroup;
			children = (
				6F265F7B2CDE2CEA00D65996 /* OAuth2Constants.swift */,
				6FC5461E2CDA869D008DFB5C /* OAuth2ServiceProtocol.swift */,
				6FC5460D2CDA0B06008DFB5C /* OAuth2Service.swift */,
			);
			path = TokenService;
			sourceTree = "<group>";
		};
		6FC5462B2CDBD90C008DFB5C /* Start Here */ = {
			isa = PBXGroup;
			children = (
				6FC546292CDBD8FF008DFB5C /* SplashViewController.swift */,
			);
			path = "Start Here";
			sourceTree = "<group>";
		};
/* End PBXGroup section */

/* Begin PBXNativeTarget section */
		6F0DBCF22B4D9E0300013F72 /* ImageFeed */ = {
			isa = PBXNativeTarget;
			buildConfigurationList = 6F0DBD072B4D9E0400013F72 /* Build configuration list for PBXNativeTarget "ImageFeed" */;
			buildPhases = (
				6F0DBCEF2B4D9E0300013F72 /* Sources */,
				6F0DBCF02B4D9E0300013F72 /* Frameworks */,
				6F0DBCF12B4D9E0300013F72 /* Resources */,
			);
			buildRules = (
			);
			dependencies = (
			);
			name = ImageFeed;
			productName = ImageFeed;
			productReference = 6F0DBCF32B4D9E0300013F72 /* ImageFeed.app */;
			productType = "com.apple.product-type.application";
		};
/* End PBXNativeTarget section */

/* Begin PBXProject section */
		6F0DBCEB2B4D9E0300013F72 /* Project object */ = {
			isa = PBXProject;
			attributes = {
				BuildIndependentTargetsInParallel = 1;
				LastSwiftUpdateCheck = 1430;
				LastUpgradeCheck = 1430;
				TargetAttributes = {
					6F0DBCF22B4D9E0300013F72 = {
						CreatedOnToolsVersion = 14.3.1;
					};
				};
			};
			buildConfigurationList = 6F0DBCEE2B4D9E0300013F72 /* Build configuration list for PBXProject "ImageFeed" */;
			compatibilityVersion = "Xcode 14.0";
			developmentRegion = en;
			hasScannedForEncodings = 0;
			knownRegions = (
				en,
				Base,
			);
			mainGroup = 6F0DBCEA2B4D9E0300013F72;
			packageReferences = (
				6F265F5D2CDD4A6500D65996 /* XCRemoteSwiftPackageReference "ProgressHUD" */,
			);
			productRefGroup = 6F0DBCF42B4D9E0300013F72 /* Products */;
			projectDirPath = "";
			projectRoot = "";
			targets = (
				6F0DBCF22B4D9E0300013F72 /* ImageFeed */,
			);
		};
/* End PBXProject section */

/* Begin PBXResourcesBuildPhase section */
		6F0DBCF12B4D9E0300013F72 /* Resources */ = {
			isa = PBXResourcesBuildPhase;
			buildActionMask = 2147483647;
			files = (
				6F0DBD032B4D9E0400013F72 /* LaunchScreen.storyboard in Resources */,
				6F0DBD002B4D9E0400013F72 /* Assets.xcassets in Resources */,
				6F0DBCFE2B4D9E0300013F72 /* Main.storyboard in Resources */,
			);
			runOnlyForDeploymentPostprocessing = 0;
		};
/* End PBXResourcesBuildPhase section */

/* Begin PBXSourcesBuildPhase section */
		6F0DBCEF2B4D9E0300013F72 /* Sources */ = {
			isa = PBXSourcesBuildPhase;
			buildActionMask = 2147483647;
			files = (
				6FC545F22CD14EC2008DFB5C /* ProfileViewController.swift in Sources */,
				6FC5461F2CDA869D008DFB5C /* OAuth2ServiceProtocol.swift in Sources */,
				6FC5460E2CDA0B06008DFB5C /* OAuth2Service.swift in Sources */,
				6F265F7A2CDE261D00D65996 /* Profile.swift in Sources */,
				6F265F832CDFAE7500D65996 /* ProfileImageServiceProtocol.swift in Sources */,
				6FC546082CD8F312008DFB5C /* WebViewController.swift in Sources */,
				6FC5460A2CD8FE01008DFB5C /* WebViewControllerDelegate.swift in Sources */,
				6F0DBCFB2B4D9E0300013F72 /* ImagesListViewController.swift in Sources */,
				6F0DBD0C2B50730600013F72 /* ImagesListCell.swift in Sources */,
				6F265F7C2CDE2CEA00D65996 /* OAuth2Constants.swift in Sources */,
				6F265F8B2CDFB8C800D65996 /* UserResponseDTO.swift in Sources */,
				6FC5461B2CDA856F008DFB5C /* OAuth2TokenResponseDTO.swift in Sources */,
				6F265F782CDE240A00D65996 /* ProfileServiceProtocol.swift in Sources */,
				6F265F722CDE21A100D65996 /* ProfileService.swift in Sources */,
				6F0DBCF72B4D9E0300013F72 /* AppDelegate.swift in Sources */,
				6F265F6D2CDE0F1E00D65996 /* UIBlockingProgressHUD.swift in Sources */,
				6FC546052CD8D794008DFB5C /* AuthViewController.swift in Sources */,
				6F265F892CDFB83E00D65996 /* ProfileImageDTO.swift in Sources */,
				6F265F7E2CDF4D9A00D65996 /* ServiceError.swift in Sources */,
				6FC5462A2CDBD8FF008DFB5C /* SplashViewController.swift in Sources */,
				6FC546212CDA9169008DFB5C /* OAuth2TokenStorage.swift in Sources */,
				6FC545F72CD2BAF8008DFB5C /* SingleImageViewController.swift in Sources */,
				6F265F902CDFBEF500D65996 /* ProfileServiceConstants.swift in Sources */,
				6FC546182CDA7412008DFB5C /* NetworkHTTPMethod.swift in Sources */,
				6FC546142CDA480E008DFB5C /* NetworkClient.swift in Sources */,
				6F265F852CDFAE9800D65996 /* ProfileImageService.swift in Sources */,
				6FC5462D2CDBE364008DFB5C /* AuthViewControllerDelegate.swift in Sources */,
				6FC546102CDA476C008DFB5C /* NetworkRouting.swift in Sources */,
				6F0DBCF92B4D9E0300013F72 /* SceneDelegate.swift in Sources */,
				6F265F762CDE22A700D65996 /* ProfileResponseDTO.swift in Sources */,
				6FC546232CDA9178008DFB5C /* OAuth2TokenStorageProtocol.swift in Sources */,
			);
			runOnlyForDeploymentPostprocessing = 0;
		};
/* End PBXSourcesBuildPhase section */

/* Begin PBXVariantGroup section */
		6F0DBCFC2B4D9E0300013F72 /* Main.storyboard */ = {
			isa = PBXVariantGroup;
			children = (
				6F0DBCFD2B4D9E0300013F72 /* Base */,
			);
			name = Main.storyboard;
			sourceTree = "<group>";
		};
		6F0DBD012B4D9E0400013F72 /* LaunchScreen.storyboard */ = {
			isa = PBXVariantGroup;
			children = (
				6F0DBD022B4D9E0400013F72 /* Base */,
			);
			name = LaunchScreen.storyboard;
			sourceTree = "<group>";
		};
/* End PBXVariantGroup section */

/* Begin XCBuildConfiguration section */
		6F0DBD052B4D9E0400013F72 /* Debug */ = {
			isa = XCBuildConfiguration;
			buildSettings = {
				ALWAYS_SEARCH_USER_PATHS = NO;
				CLANG_ANALYZER_NONNULL = YES;
				CLANG_ANALYZER_NUMBER_OBJECT_CONVERSION = YES_AGGRESSIVE;
				CLANG_CXX_LANGUAGE_STANDARD = "gnu++20";
				CLANG_ENABLE_MODULES = YES;
				CLANG_ENABLE_OBJC_ARC = YES;
				CLANG_ENABLE_OBJC_WEAK = YES;
				CLANG_WARN_BLOCK_CAPTURE_AUTORELEASING = YES;
				CLANG_WARN_BOOL_CONVERSION = YES;
				CLANG_WARN_COMMA = YES;
				CLANG_WARN_CONSTANT_CONVERSION = YES;
				CLANG_WARN_DEPRECATED_OBJC_IMPLEMENTATIONS = YES;
				CLANG_WARN_DIRECT_OBJC_ISA_USAGE = YES_ERROR;
				CLANG_WARN_DOCUMENTATION_COMMENTS = YES;
				CLANG_WARN_EMPTY_BODY = YES;
				CLANG_WARN_ENUM_CONVERSION = YES;
				CLANG_WARN_INFINITE_RECURSION = YES;
				CLANG_WARN_INT_CONVERSION = YES;
				CLANG_WARN_NON_LITERAL_NULL_CONVERSION = YES;
				CLANG_WARN_OBJC_IMPLICIT_RETAIN_SELF = YES;
				CLANG_WARN_OBJC_LITERAL_CONVERSION = YES;
				CLANG_WARN_OBJC_ROOT_CLASS = YES_ERROR;
				CLANG_WARN_QUOTED_INCLUDE_IN_FRAMEWORK_HEADER = YES;
				CLANG_WARN_RANGE_LOOP_ANALYSIS = YES;
				CLANG_WARN_STRICT_PROTOTYPES = YES;
				CLANG_WARN_SUSPICIOUS_MOVE = YES;
				CLANG_WARN_UNGUARDED_AVAILABILITY = YES_AGGRESSIVE;
				CLANG_WARN_UNREACHABLE_CODE = YES;
				CLANG_WARN__DUPLICATE_METHOD_MATCH = YES;
				COPY_PHASE_STRIP = NO;
				DEBUG_INFORMATION_FORMAT = dwarf;
				ENABLE_STRICT_OBJC_MSGSEND = YES;
				ENABLE_TESTABILITY = YES;
				GCC_C_LANGUAGE_STANDARD = gnu11;
				GCC_DYNAMIC_NO_PIC = NO;
				GCC_NO_COMMON_BLOCKS = YES;
				GCC_OPTIMIZATION_LEVEL = 0;
				GCC_PREPROCESSOR_DEFINITIONS = (
					"DEBUG=1",
					"$(inherited)",
				);
				GCC_WARN_64_TO_32_BIT_CONVERSION = YES;
				GCC_WARN_ABOUT_RETURN_TYPE = YES_ERROR;
				GCC_WARN_UNDECLARED_SELECTOR = YES;
				GCC_WARN_UNINITIALIZED_AUTOS = YES_AGGRESSIVE;
				GCC_WARN_UNUSED_FUNCTION = YES;
				GCC_WARN_UNUSED_VARIABLE = YES;
				IPHONEOS_DEPLOYMENT_TARGET = 13.0;
				MTL_ENABLE_DEBUG_INFO = INCLUDE_SOURCE;
				MTL_FAST_MATH = YES;
				ONLY_ACTIVE_ARCH = YES;
				SDKROOT = iphoneos;
				SWIFT_ACTIVE_COMPILATION_CONDITIONS = DEBUG;
				SWIFT_OPTIMIZATION_LEVEL = "-Onone";
			};
			name = Debug;
		};
		6F0DBD062B4D9E0400013F72 /* Release */ = {
			isa = XCBuildConfiguration;
			buildSettings = {
				ALWAYS_SEARCH_USER_PATHS = NO;
				CLANG_ANALYZER_NONNULL = YES;
				CLANG_ANALYZER_NUMBER_OBJECT_CONVERSION = YES_AGGRESSIVE;
				CLANG_CXX_LANGUAGE_STANDARD = "gnu++20";
				CLANG_ENABLE_MODULES = YES;
				CLANG_ENABLE_OBJC_ARC = YES;
				CLANG_ENABLE_OBJC_WEAK = YES;
				CLANG_WARN_BLOCK_CAPTURE_AUTORELEASING = YES;
				CLANG_WARN_BOOL_CONVERSION = YES;
				CLANG_WARN_COMMA = YES;
				CLANG_WARN_CONSTANT_CONVERSION = YES;
				CLANG_WARN_DEPRECATED_OBJC_IMPLEMENTATIONS = YES;
				CLANG_WARN_DIRECT_OBJC_ISA_USAGE = YES_ERROR;
				CLANG_WARN_DOCUMENTATION_COMMENTS = YES;
				CLANG_WARN_EMPTY_BODY = YES;
				CLANG_WARN_ENUM_CONVERSION = YES;
				CLANG_WARN_INFINITE_RECURSION = YES;
				CLANG_WARN_INT_CONVERSION = YES;
				CLANG_WARN_NON_LITERAL_NULL_CONVERSION = YES;
				CLANG_WARN_OBJC_IMPLICIT_RETAIN_SELF = YES;
				CLANG_WARN_OBJC_LITERAL_CONVERSION = YES;
				CLANG_WARN_OBJC_ROOT_CLASS = YES_ERROR;
				CLANG_WARN_QUOTED_INCLUDE_IN_FRAMEWORK_HEADER = YES;
				CLANG_WARN_RANGE_LOOP_ANALYSIS = YES;
				CLANG_WARN_STRICT_PROTOTYPES = YES;
				CLANG_WARN_SUSPICIOUS_MOVE = YES;
				CLANG_WARN_UNGUARDED_AVAILABILITY = YES_AGGRESSIVE;
				CLANG_WARN_UNREACHABLE_CODE = YES;
				CLANG_WARN__DUPLICATE_METHOD_MATCH = YES;
				COPY_PHASE_STRIP = NO;
				DEBUG_INFORMATION_FORMAT = "dwarf-with-dsym";
				ENABLE_NS_ASSERTIONS = NO;
				ENABLE_STRICT_OBJC_MSGSEND = YES;
				GCC_C_LANGUAGE_STANDARD = gnu11;
				GCC_NO_COMMON_BLOCKS = YES;
				GCC_WARN_64_TO_32_BIT_CONVERSION = YES;
				GCC_WARN_ABOUT_RETURN_TYPE = YES_ERROR;
				GCC_WARN_UNDECLARED_SELECTOR = YES;
				GCC_WARN_UNINITIALIZED_AUTOS = YES_AGGRESSIVE;
				GCC_WARN_UNUSED_FUNCTION = YES;
				GCC_WARN_UNUSED_VARIABLE = YES;
				IPHONEOS_DEPLOYMENT_TARGET = 13.0;
				MTL_ENABLE_DEBUG_INFO = NO;
				MTL_FAST_MATH = YES;
				SDKROOT = iphoneos;
				SWIFT_COMPILATION_MODE = wholemodule;
				SWIFT_OPTIMIZATION_LEVEL = "-O";
				VALIDATE_PRODUCT = YES;
			};
			name = Release;
		};
		6F0DBD082B4D9E0400013F72 /* Debug */ = {
			isa = XCBuildConfiguration;
			buildSettings = {
				ASSETCATALOG_COMPILER_APPICON_NAME = AppIcon;
				ASSETCATALOG_COMPILER_GLOBAL_ACCENT_COLOR_NAME = AccentColor;
				CODE_SIGN_STYLE = Automatic;
				CURRENT_PROJECT_VERSION = 1;
				DEVELOPMENT_TEAM = 9GND8MGSF3;
				GENERATE_INFOPLIST_FILE = YES;
				INFOPLIST_FILE = ImageFeed/Resources/Info.plist;
				INFOPLIST_KEY_UIApplicationSupportsIndirectInputEvents = YES;
				INFOPLIST_KEY_UILaunchStoryboardName = LaunchScreen;
				INFOPLIST_KEY_UIMainStoryboardFile = Main;
				INFOPLIST_KEY_UISupportedInterfaceOrientations = UIInterfaceOrientationPortrait;
				IPHONEOS_DEPLOYMENT_TARGET = 13.0;
				LD_RUNPATH_SEARCH_PATHS = (
					"$(inherited)",
					"@executable_path/Frameworks",
				);
				MARKETING_VERSION = 1.0;
				PRODUCT_BUNDLE_IDENTIFIER = ru.mishe1.ImageFeed;
				PRODUCT_NAME = "$(TARGET_NAME)";
				SUPPORTED_PLATFORMS = "iphoneos iphonesimulator";
				SUPPORTS_MACCATALYST = NO;
				SUPPORTS_MAC_DESIGNED_FOR_IPHONE_IPAD = NO;
				SWIFT_EMIT_LOC_STRINGS = YES;
				SWIFT_VERSION = 5.0;
				TARGETED_DEVICE_FAMILY = 1;
			};
			name = Debug;
		};
		6F0DBD092B4D9E0400013F72 /* Release */ = {
			isa = XCBuildConfiguration;
			buildSettings = {
				ASSETCATALOG_COMPILER_APPICON_NAME = AppIcon;
				ASSETCATALOG_COMPILER_GLOBAL_ACCENT_COLOR_NAME = AccentColor;
				CODE_SIGN_STYLE = Automatic;
				CURRENT_PROJECT_VERSION = 1;
				DEVELOPMENT_TEAM = 9GND8MGSF3;
				GENERATE_INFOPLIST_FILE = YES;
				INFOPLIST_FILE = ImageFeed/Resources/Info.plist;
				INFOPLIST_KEY_UIApplicationSupportsIndirectInputEvents = YES;
				INFOPLIST_KEY_UILaunchStoryboardName = LaunchScreen;
				INFOPLIST_KEY_UIMainStoryboardFile = Main;
				INFOPLIST_KEY_UISupportedInterfaceOrientations = UIInterfaceOrientationPortrait;
				IPHONEOS_DEPLOYMENT_TARGET = 13.0;
				LD_RUNPATH_SEARCH_PATHS = (
					"$(inherited)",
					"@executable_path/Frameworks",
				);
				MARKETING_VERSION = 1.0;
				PRODUCT_BUNDLE_IDENTIFIER = ru.mishe1.ImageFeed;
				PRODUCT_NAME = "$(TARGET_NAME)";
				SUPPORTED_PLATFORMS = "iphoneos iphonesimulator";
				SUPPORTS_MACCATALYST = NO;
				SUPPORTS_MAC_DESIGNED_FOR_IPHONE_IPAD = NO;
				SWIFT_EMIT_LOC_STRINGS = YES;
				SWIFT_VERSION = 5.0;
				TARGETED_DEVICE_FAMILY = 1;
			};
			name = Release;
		};
/* End XCBuildConfiguration section */

/* Begin XCConfigurationList section */
		6F0DBCEE2B4D9E0300013F72 /* Build configuration list for PBXProject "ImageFeed" */ = {
			isa = XCConfigurationList;
			buildConfigurations = (
				6F0DBD052B4D9E0400013F72 /* Debug */,
				6F0DBD062B4D9E0400013F72 /* Release */,
			);
			defaultConfigurationIsVisible = 0;
			defaultConfigurationName = Release;
		};
		6F0DBD072B4D9E0400013F72 /* Build configuration list for PBXNativeTarget "ImageFeed" */ = {
			isa = XCConfigurationList;
			buildConfigurations = (
				6F0DBD082B4D9E0400013F72 /* Debug */,
				6F0DBD092B4D9E0400013F72 /* Release */,
			);
			defaultConfigurationIsVisible = 0;
			defaultConfigurationName = Release;
		};
/* End XCConfigurationList section */

/* Begin XCRemoteSwiftPackageReference section */
		6F265F5D2CDD4A6500D65996 /* XCRemoteSwiftPackageReference "ProgressHUD" */ = {
			isa = XCRemoteSwiftPackageReference;
			repositoryURL = "https://github.com/relatedcode/ProgressHUD";
			requirement = {
				kind = exactVersion;
				version = 14.1.3;
			};
		};
/* End XCRemoteSwiftPackageReference section */

/* Begin XCSwiftPackageProductDependency section */
		6F265F5E2CDD4A6500D65996 /* ProgressHUD */ = {
			isa = XCSwiftPackageProductDependency;
			package = 6F265F5D2CDD4A6500D65996 /* XCRemoteSwiftPackageReference "ProgressHUD" */;
			productName = ProgressHUD;
		};
/* End XCSwiftPackageProductDependency section */
	};
	rootObject = 6F0DBCEB2B4D9E0300013F72 /* Project object */;
}
